
Microsoft Visual Studio Solution File, Format Version 12.00
# Visual Studio Version 16
VisualStudioVersion = 16.0.29102.190
MinimumVisualStudioVersion = 10.0.40219.1
Project("{FAE04EC0-301F-11D3-BF4B-00C04F79EFBC}") = "aimoyu", "aimoyu\aimoyu.csproj", "{32F6989F-1A18-4F98-A017-E9D5302D1D66}"
EndProject
Project("{54435603-DBB4-11D2-8724-00A0C9A8B90C}") = "AimoyuSetup", "AimoyuSetup\AimoyuSetup.vdproj", "{88595EE9-EC3B-4AFF-87CB-D808B7A569A6}"
EndProject
Global
	GlobalSection(SolutionConfigurationPlatforms) = preSolution
		Debug|Any CPU = Debug|Any CPU
		Release|Any CPU = Release|Any CPU
	EndGlobalSection
	GlobalSection(ProjectConfigurationPlatforms) = postSolution
		{32F6989F-1A18-4F98-A017-E9D5302D1D66}.Debug|Any CPU.ActiveCfg = Debug|Any CPU
		{32F6989F-1A18-4F98-A017-E9D5302D1D66}.Debug|Any CPU.Build.0 = Debug|Any CPU
		{32F6989F-1A18-4F98-A017-E9D5302D1D66}.Release|Any CPU.ActiveCfg = Release|Any CPU
		{32F6989F-1A18-4F98-A017-E9D5302D1D66}.Release|Any CPU.Build.0 = Release|Any CPU
		{88595EE9-EC3B-4AFF-87CB-D808B7A569A6}.Debug|Any CPU.ActiveCfg = Debug
		{88595EE9-EC3B-4AFF-87CB-D808B7A569A6}.Release|Any CPU.ActiveCfg = Release
	EndGlobalSection
	GlobalSection(SolutionProperties) = preSolution
		HideSolutionNode = FALSE
	EndGlobalSection
	GlobalSection(ExtensibilityGlobals) = postSolution
		SolutionGuid = {F8C3AAE8-F0E1-4827-BFD4-F1B025FED08E}
	EndGlobalSection
EndGlobal
